
Microsoft Visual Studio Solution File, Format Version 12.00
# Visual Studio Version 16
VisualStudioVersion = 16.0.30717.126
MinimumVisualStudioVersion = 10.0.40219.1
Project("{8BC9CEB8-8B4A-11D0-8D11-00A0C91BC942}") = "BinaryTree", "BinaryTree\BinaryTree.vcxproj", "{D645D32A-E8A7-4B6F-A372-C7080D1F6070}"
EndProject
Global
	GlobalSection(SolutionConfigurationPlatforms) = preSolution
		Debug|x64 = Debug|x64
		Debug|x86 = Debug|x86
		Release|x64 = Release|x64
		Release|x86 = Release|x86
	EndGlobalSection
	GlobalSection(ProjectConfigurationPlatforms) = postSolution
		{D645D32A-E8A7-4B6F-A372-C7080D1F6070}.Debug|x64.ActiveCfg = Debug|x64
		{D645D32A-E8A7-4B6F-A372-C7080D1F6070}.Debug|x64.Build.0 = Debug|x64
		{D645D32A-E8A7-4B6F-A372-C7080D1F6070}.Debug|x86.ActiveCfg = Debug|Win32
		{D645D32A-E8A7-4B6F-A372-C7080D1F6070}.Debug|x86.Build.0 = Debug|Win32
		{D645D32A-E8A7-4B6F-A372-C7080D1F6070}.Release|x64.ActiveCfg = Release|x64
		{D645D32A-E8A7-4B6F-A372-C7080D1F6070}.Release|x64.Build.0 = Release|x64
		{D645D32A-E8A7-4B6F-A372-C7080D1F6070}.Release|x86.ActiveCfg = Release|Win32
		{D645D32A-E8A7-4B6F-A372-C7080D1F6070}.Release|x86.Build.0 = Release|Win32
	EndGlobalSection
	GlobalSection(SolutionProperties) = preSolution
		HideSolutionNode = FALSE
	EndGlobalSection
	GlobalSection(ExtensibilityGlobals) = postSolution
		SolutionGuid = {4950FB8B-BC6F-4D95-A6FE-C2F56E0D390E}
	EndGlobalSection
EndGlobal
